github.com/goradd/gofile v0.1.2 h1:KGAMlp7zR5ARzkNqF9kK/mLPJK+s9xhpG2yFk7UxV+A=
github.com/goradd/gofile v0.1.2/go.mod h1:Il/+n/haoU0ZJJjwJ6t9f+fFtxrUuEfCG/vEkV1n9is=
github.com/spf13/cobra v0.0.3/go.mod h1:1l0Ry5zgKvJasoi3XT1TypsSe7PqH0Sj9dhYf7v3XqQ=
github.com/spf13/pflag v1.0.3/go.mod h1:DYY7MBk1bdzusC3SYhjObp+wFpr4gzcvqqNjLnInEg4=
github.com/stretchr/testify v1.2.2/go.mod h1:a8OnRcib4nhh0OaRAV+Yts87kKdq0PP7pXfy6kDkUVs=
